// !$*UTF8*$!
{
	archiveVersion = 1;
	classes = {
	};
	objectVersion = 46;
	objects = {

/* Begin PBXBuildFile section */
		64A244C51C5C98B0001C85DF /* ConfiguredViewController.m in Sources */ = {isa = PBXBuildFile; fileRef = 64A244C41C5C98B0001C85DF /* ConfiguredViewController.m */; };
		64A462031C5C6BC400189AD8 /* main.m in Sources */ = {isa = PBXBuildFile; fileRef = 64A462021C5C6BC400189AD8 /* main.m */; };
		64A462061C5C6BC400189AD8 /* AppDelegate.m in Sources */ = {isa = PBXBuildFile; fileRef = 64A462051C5C6BC400189AD8 /* AppDelegate.m */; };
		64A4620C1C5C6BC400189AD8 /* Main.storyboard in Resources */ = {isa = PBXBuildFile; fileRef = 64A4620A1C5C6BC400189AD8 /* Main.storyboard */; };
		64A4620E1C5C6BC400189AD8 /* Assets.xcassets in Resources */ = {isa = PBXBuildFile; fileRef = 64A4620D1C5C6BC400189AD8 /* Assets.xcassets */; };
		64A462111C5C6BC400189AD8 /* LaunchScreen.storyboard in Resources */ = {isa = PBXBuildFile; fileRef = 64A4620F1C5C6BC400189AD8 /* LaunchScreen.storyboard */; };
		64A4621C1C5C6BC400189AD8 /* AlarmMonsterTests.m in Sources */ = {isa = PBXBuildFile; fileRef = 64A4621B1C5C6BC400189AD8 /* AlarmMonsterTests.m */; };
		64A462271C5C6BC400189AD8 /* AlarmMonsterUITests.m in Sources */ = {isa = PBXBuildFile; fileRef = 64A462261C5C6BC400189AD8 /* AlarmMonsterUITests.m */; };
		64A462361C5C6C8000189AD8 /* FoundationViewController.m in Sources */ = {isa = PBXBuildFile; fileRef = 64A462351C5C6C8000189AD8 /* FoundationViewController.m */; };
		64A462391C5C737700189AD8 /* HomeViewController.m in Sources */ = {isa = PBXBuildFile; fileRef = 64A462381C5C737700189AD8 /* HomeViewController.m */; };
		64A4623C1C5C795300189AD8 /* OrgButton.m in Sources */ = {isa = PBXBuildFile; fileRef = 64A4623B1C5C795300189AD8 /* OrgButton.m */; };
		64A4623E1C5C7CC600189AD8 /* わたあめ1.png in Resources */ = {isa = PBXBuildFile; fileRef = 64A4623D1C5C7CC600189AD8 /* わたあめ1.png */; };
		64A462411C5C867D00189AD8 /* めざまし時計アイコン.png in Resources */ = {isa = PBXBuildFile; fileRef = 64A4623F1C5C867D00189AD8 /* めざまし時計アイコン.png */; };
		64A462421C5C867D00189AD8 /* 設定アイコン.png in Resources */ = {isa = PBXBuildFile; fileRef = 64A462401C5C867D00189AD8 /* 設定アイコン.png */; };
		64A462451C5C89A400189AD8 /* AlarmSettingViewController.m in Sources */ = {isa = PBXBuildFile; fileRef = 64A462441C5C89A400189AD8 /* AlarmSettingViewController.m */; };
		64A462481C5C8B8B00189AD8 /* MonsterSettingViewController.m in Sources */ = {isa = PBXBuildFile; fileRef = 64A462471C5C8B8B00189AD8 /* MonsterSettingViewController.m */; };
		64A4624E1C5C91A900189AD8 /* ConfiguredTableView.m in Sources */ = {isa = PBXBuildFile; fileRef = 64A4624D1C5C91A900189AD8 /* ConfiguredTableView.m */; };
/* End PBXBuildFile section */

/* Begin PBXContainerItemProxy section */
		64A462181C5C6BC400189AD8 /* PBXContainerItemProxy */ = {
			isa = PBXContainerItemProxy;
			containerPortal = 64A461F61C5C6BC400189AD8 /* Project object */;
			proxyType = 1;
			remoteGlobalIDString = 64A461FD1C5C6BC400189AD8;
			remoteInfo = AlarmMonster;
		};
		64A462231C5C6BC400189AD8 /* PBXContainerItemProxy */ = {
			isa = PBXContainerItemProxy;
			containerPortal = 64A461F61C5C6BC400189AD8 /* Project object */;
			proxyType = 1;
			remoteGlobalIDString = 64A461FD1C5C6BC400189AD8;
			remoteInfo = AlarmMonster;
		};
/* End PBXContainerItemProxy section */

/* Begin PBXFileReference section */
		64A244C31C5C98B0001C85DF /* ConfiguredViewController.h */ = {isa = PBXFileReference; fileEncoding = 4; lastKnownFileType = sourcecode.c.h; path = ConfiguredViewController.h; sourceTree = "<group>"; };
		64A244C41C5C98B0001C85DF /* ConfiguredViewController.m */ = {isa = PBXFileReference; fileEncoding = 4; lastKnownFileType = sourcecode.c.objc; path = ConfiguredViewController.m; sourceTree = "<group>"; };
		64A461FE1C5C6BC400189AD8 /* AlarmMonster.app */ = {isa = PBXFileReference; explicitFileType = wrapper.application; includeInIndex = 0; path = AlarmMonster.app; sourceTree = BUILT_PRODUCTS_DIR; };
		64A462021C5C6BC400189AD8 /* main.m */ = {isa = PBXFileReference; lastKnownFileType = sourcecode.c.objc; path = main.m; sourceTree = "<group>"; };
		64A462041C5C6BC400189AD8 /* AppDelegate.h */ = {isa = PBXFileReference; lastKnownFileType = sourcecode.c.h; path = AppDelegate.h; sourceTree = "<group>"; };
		64A462051C5C6BC400189AD8 /* AppDelegate.m */ = {isa = PBXFileReference; lastKnownFileType = sourcecode.c.objc; path = AppDelegate.m; sourceTree = "<group>"; };
		64A4620B1C5C6BC400189AD8 /* Base */ = {isa = PBXFileReference; lastKnownFileType = file.storyboard; name = Base; path = Base.lproj/Main.storyboard; sourceTree = "<group>"; };
		64A4620D1C5C6BC400189AD8 /* Assets.xcassets */ = {isa = PBXFileReference; lastKnownFileType = folder.assetcatalog; path = Assets.xcassets; sourceTree = "<group>"; };
		64A462101C5C6BC400189AD8 /* Base */ = {isa = PBXFileReference; lastKnownFileType = file.storyboard; name = Base; path = Base.lproj/LaunchScreen.storyboard; sourceTree = "<group>"; };
		64A462121C5C6BC400189AD8 /* Info.plist */ = {isa = PBXFileReference; lastKnownFileType = text.plist.xml; path = Info.plist; sourceTree = "<group>"; };
		64A462171C5C6BC400189AD8 /* AlarmMonsterTests.xctest */ = {isa = PBXFileReference; explicitFileType = wrapper.cfbundle; includeInIndex = 0; path = AlarmMonsterTests.xctest; sourceTree = BUILT_PRODUCTS_DIR; };
		64A4621B1C5C6BC400189AD8 /* AlarmMonsterTests.m */ = {isa = PBXFileReference; lastKnownFileType = sourcecode.c.objc; path = AlarmMonsterTests.m; sourceTree = "<group>"; };
		64A4621D1C5C6BC400189AD8 /* Info.plist */ = {isa = PBXFileReference; lastKnownFileType = text.plist.xml; path = Info.plist; sourceTree = "<group>"; };
		64A462221C5C6BC400189AD8 /* AlarmMonsterUITests.xctest */ = {isa = PBXFileReference; explicitFileType = wrapper.cfbundle; includeInIndex = 0; path = AlarmMonsterUITests.xctest; sourceTree = BUILT_PRODUCTS_DIR; };
		64A462261C5C6BC400189AD8 /* AlarmMonsterUITests.m */ = {isa = PBXFileReference; lastKnownFileType = sourcecode.c.objc; path = AlarmMonsterUITests.m; sourceTree = "<group>"; };
		64A462281C5C6BC400189AD8 /* Info.plist */ = {isa = PBXFileReference; lastKnownFileType = text.plist.xml; path = Info.plist; sourceTree = "<group>"; };
		64A462341C5C6C8000189AD8 /* FoundationViewController.h */ = {isa = PBXFileReference; fileEncoding = 4; lastKnownFileType = sourcecode.c.h; path = FoundationViewController.h; sourceTree = "<group>"; };
		64A462351C5C6C8000189AD8 /* FoundationViewController.m */ = {isa = PBXFileReference; fileEncoding = 4; lastKnownFileType = sourcecode.c.objc; path = FoundationViewController.m; sourceTree = "<group>"; };
		64A462371C5C737700189AD8 /* HomeViewController.h */ = {isa = PBXFileReference; fileEncoding = 4; lastKnownFileType = sourcecode.c.h; path = HomeViewController.h; sourceTree = "<group>"; };
		64A462381C5C737700189AD8 /* HomeViewController.m */ = {isa = PBXFileReference; fileEncoding = 4; lastKnownFileType = sourcecode.c.objc; path = HomeViewController.m; sourceTree = "<group>"; };
		64A4623A1C5C795300189AD8 /* OrgButton.h */ = {isa = PBXFileReference; fileEncoding = 4; lastKnownFileType = sourcecode.c.h; path = OrgButton.h; sourceTree = "<group>"; };
		64A4623B1C5C795300189AD8 /* OrgButton.m */ = {isa = PBXFileReference; fileEncoding = 4; lastKnownFileType = sourcecode.c.objc; path = OrgButton.m; sourceTree = "<group>"; };
		64A4623D1C5C7CC600189AD8 /* わたあめ1.png */ = {isa = PBXFileReference; lastKnownFileType = image.png; path = "わたあめ1.png"; sourceTree = "<group>"; };
		64A4623F1C5C867D00189AD8 /* めざまし時計アイコン.png */ = {isa = PBXFileReference; lastKnownFileType = image.png; path = "めざまし時計アイコン.png"; sourceTree = "<group>"; };
		64A462401C5C867D00189AD8 /* 設定アイコン.png */ = {isa = PBXFileReference; lastKnownFileType = image.png; path = "設定アイコン.png"; sourceTree = "<group>"; };
		64A462431C5C89A400189AD8 /* AlarmSettingViewController.h */ = {isa = PBXFileReference; fileEncoding = 4; lastKnownFileType = sourcecode.c.h; path = AlarmSettingViewController.h; sourceTree = "<group>"; };
		64A462441C5C89A400189AD8 /* AlarmSettingViewController.m */ = {isa = PBXFileReference; fileEncoding = 4; lastKnownFileType = sourcecode.c.objc; path = AlarmSettingViewController.m; sourceTree = "<group>"; };
		64A462461C5C8B8B00189AD8 /* MonsterSettingViewController.h */ = {isa = PBXFileReference; fileEncoding = 4; lastKnownFileType = sourcecode.c.h; path = MonsterSettingViewController.h; sourceTree = "<group>"; };
		64A462471C5C8B8B00189AD8 /* MonsterSettingViewController.m */ = {isa = PBXFileReference; fileEncoding = 4; lastKnownFileType = sourcecode.c.objc; path = MonsterSettingViewController.m; sourceTree = "<group>"; };
		64A4624C1C5C91A900189AD8 /* ConfiguredTableView.h */ = {isa = PBXFileReference; fileEncoding = 4; lastKnownFileType = sourcecode.c.h; path = ConfiguredTableView.h; sourceTree = "<group>"; };
		64A4624D1C5C91A900189AD8 /* ConfiguredTableView.m */ = {isa = PBXFileReference; fileEncoding = 4; lastKnownFileType = sourcecode.c.objc; path = ConfiguredTableView.m; sourceTree = "<group>"; };
/* End PBXFileReference section */

/* Begin PBXFrameworksBuildPhase section */
		64A461FB1C5C6BC400189AD8 /* Frameworks */ = {
			isa = PBXFrameworksBuildPhase;
			buildActionMask = 2147483647;
			files = (
			);
			runOnlyForDeploymentPostprocessing = 0;
		};
		64A462141C5C6BC400189AD8 /* Frameworks */ = {
			isa = PBXFrameworksBuildPhase;
			buildActionMask = 2147483647;
			files = (
			);
			runOnlyForDeploymentPostprocessing = 0;
		};
		64A4621F1C5C6BC400189AD8 /* Frameworks */ = {
			isa = PBXFrameworksBuildPhase;
			buildActionMask = 2147483647;
			files = (
			);
			runOnlyForDeploymentPostprocessing = 0;
		};
/* End PBXFrameworksBuildPhase section */

/* Begin PBXGroup section */
		64A461F51C5C6BC400189AD8 = {
			isa = PBXGroup;
			children = (
				64A462001C5C6BC400189AD8 /* AlarmMonster */,
				64A4621A1C5C6BC400189AD8 /* AlarmMonsterTests */,
				64A462251C5C6BC400189AD8 /* AlarmMonsterUITests */,
				64A461FF1C5C6BC400189AD8 /* Products */,
			);
			sourceTree = "<group>";
		};
		64A461FF1C5C6BC400189AD8 /* Products */ = {
			isa = PBXGroup;
			children = (
				64A461FE1C5C6BC400189AD8 /* AlarmMonster.app */,
				64A462171C5C6BC400189AD8 /* AlarmMonsterTests.xctest */,
				64A462221C5C6BC400189AD8 /* AlarmMonsterUITests.xctest */,
			);
			name = Products;
			sourceTree = "<group>";
		};
		64A462001C5C6BC400189AD8 /* AlarmMonster */ = {
			isa = PBXGroup;
			children = (
				64A462041C5C6BC400189AD8 /* AppDelegate.h */,
				64A462051C5C6BC400189AD8 /* AppDelegate.m */,
				64A4624A1C5C8BB700189AD8 /* UIparts */,
				64A4624B1C5C917E00189AD8 /* View */,
				64A462491C5C8B9200189AD8 /* Controller */,
				64A4620A1C5C6BC400189AD8 /* Main.storyboard */,
				64A4620D1C5C6BC400189AD8 /* Assets.xcassets */,
				64A4620F1C5C6BC400189AD8 /* LaunchScreen.storyboard */,
				64A462121C5C6BC400189AD8 /* Info.plist */,
				64A462011C5C6BC400189AD8 /* Supporting Files */,
			);
			path = AlarmMonster;
			sourceTree = "<group>";
		};
		64A462011C5C6BC400189AD8 /* Supporting Files */ = {
			isa = PBXGroup;
			children = (
				64A4623F1C5C867D00189AD8 /* めざまし時計アイコン.png */,
				64A462401C5C867D00189AD8 /* 設定アイコン.png */,
				64A4623D1C5C7CC600189AD8 /* わたあめ1.png */,
				64A462021C5C6BC400189AD8 /* main.m */,
			);
			name = "Supporting Files";
			sourceTree = "<group>";
		};
		64A4621A1C5C6BC400189AD8 /* AlarmMonsterTests */ = {
			isa = PBXGroup;
			children = (
				64A4621B1C5C6BC400189AD8 /* AlarmMonsterTests.m */,
				64A4621D1C5C6BC400189AD8 /* Info.plist */,
			);
			path = AlarmMonsterTests;
			sourceTree = "<group>";
		};
		64A462251C5C6BC400189AD8 /* AlarmMonsterUITests */ = {
			isa = PBXGroup;
			children = (
				64A462261C5C6BC400189AD8 /* AlarmMonsterUITests.m */,
				64A462281C5C6BC400189AD8 /* Info.plist */,
			);
			path = AlarmMonsterUITests;
			sourceTree = "<group>";
		};
		64A462491C5C8B9200189AD8 /* Controller */ = {
			isa = PBXGroup;
			children = (
				64A462341C5C6C8000189AD8 /* FoundationViewController.h */,
				64A462351C5C6C8000189AD8 /* FoundationViewController.m */,
				64A462371C5C737700189AD8 /* HomeViewController.h */,
				64A462381C5C737700189AD8 /* HomeViewController.m */,
				64A462431C5C89A400189AD8 /* AlarmSettingViewController.h */,
				64A462441C5C89A400189AD8 /* AlarmSettingViewController.m */,
				64A462461C5C8B8B00189AD8 /* MonsterSettingViewController.h */,
				64A462471C5C8B8B00189AD8 /* MonsterSettingViewController.m */,
				64A244C31C5C98B0001C85DF /* ConfiguredViewController.h */,
				64A244C41C5C98B0001C85DF /* ConfiguredViewController.m */,
			);
			name = Controller;
			sourceTree = "<group>";
		};
		64A4624A1C5C8BB700189AD8 /* UIparts */ = {
			isa = PBXGroup;
			children = (
				64A4623A1C5C795300189AD8 /* OrgButton.h */,
				64A4623B1C5C795300189AD8 /* OrgButton.m */,
			);
			name = UIparts;
			sourceTree = "<group>";
		};
		64A4624B1C5C917E00189AD8 /* View */ = {
			isa = PBXGroup;
			children = (
				64A4624C1C5C91A900189AD8 /* ConfiguredTableView.h */,
				64A4624D1C5C91A900189AD8 /* ConfiguredTableView.m */,
			);
			name = View;
			sourceTree = "<group>";
		};
/* End PBXGroup section */

/* Begin PBXNativeTarget section */
		64A461FD1C5C6BC400189AD8 /* AlarmMonster */ = {
			isa = PBXNativeTarget;
			buildConfigurationList = 64A4622B1C5C6BC400189AD8 /* Build configuration list for PBXNativeTarget "AlarmMonster" */;
			buildPhases = (
				64A461FA1C5C6BC400189AD8 /* Sources */,
				64A461FB1C5C6BC400189AD8 /* Frameworks */,
				64A461FC1C5C6BC400189AD8 /* Resources */,
			);
			buildRules = (
			);
			dependencies = (
			);
			name = AlarmMonster;
			productName = AlarmMonster;
			productReference = 64A461FE1C5C6BC400189AD8 /* AlarmMonster.app */;
			productType = "com.apple.product-type.application";
		};
		64A462161C5C6BC400189AD8 /* AlarmMonsterTests */ = {
			isa = PBXNativeTarget;
			buildConfigurationList = 64A4622E1C5C6BC400189AD8 /* Build configuration list for PBXNativeTarget "AlarmMonsterTests" */;
			buildPhases = (
				64A462131C5C6BC400189AD8 /* Sources */,
				64A462141C5C6BC400189AD8 /* Frameworks */,
				64A462151C5C6BC400189AD8 /* Resources */,
			);
			buildRules = (
			);
			dependencies = (
				64A462191C5C6BC400189AD8 /* PBXTargetDependency */,
			);
			name = AlarmMonsterTests;
			productName = AlarmMonsterTests;
			productReference = 64A462171C5C6BC400189AD8 /* AlarmMonsterTests.xctest */;
			productType = "com.apple.product-type.bundle.unit-test";
		};
		64A462211C5C6BC400189AD8 /* AlarmMonsterUITests */ = {
			isa = PBXNativeTarget;
			buildConfigurationList = 64A462311C5C6BC400189AD8 /* Build configuration list for PBXNativeTarget "AlarmMonsterUITests" */;
			buildPhases = (
				64A4621E1C5C6BC400189AD8 /* Sources */,
				64A4621F1C5C6BC400189AD8 /* Frameworks */,
				64A462201C5C6BC400189AD8 /* Resources */,
			);
			buildRules = (
			);
			dependencies = (
				64A462241C5C6BC400189AD8 /* PBXTargetDependency */,
			);
			name = AlarmMonsterUITests;
			productName = AlarmMonsterUITests;
			productReference = 64A462221C5C6BC400189AD8 /* AlarmMonsterUITests.xctest */;
			productType = "com.apple.product-type.bundle.ui-testing";
		};
/* End PBXNativeTarget section */

/* Begin PBXProject section */
		64A461F61C5C6BC400189AD8 /* Project object */ = {
			isa = PBXProject;
			attributes = {
				LastUpgradeCheck = 0710;
				ORGANIZATIONNAME = developers;
				TargetAttributes = {
					64A461FD1C5C6BC400189AD8 = {
						CreatedOnToolsVersion = 7.1.1;
						DevelopmentTeam = 2858394UVU;
					};
					64A462161C5C6BC400189AD8 = {
						CreatedOnToolsVersion = 7.1.1;
						TestTargetID = 64A461FD1C5C6BC400189AD8;
					};
					64A462211C5C6BC400189AD8 = {
						CreatedOnToolsVersion = 7.1.1;
						TestTargetID = 64A461FD1C5C6BC400189AD8;
					};
				};
			};
			buildConfigurationList = 64A461F91C5C6BC400189AD8 /* Build configuration list for PBXProject "AlarmMonster" */;
			compatibilityVersion = "Xcode 3.2";
			developmentRegion = English;
			hasScannedForEncodings = 0;
			knownRegions = (
				en,
				Base,
			);
			mainGroup = 64A461F51C5C6BC400189AD8;
			productRefGroup = 64A461FF1C5C6BC400189AD8 /* Products */;
			projectDirPath = "";
			projectRoot = "";
			targets = (
				64A461FD1C5C6BC400189AD8 /* AlarmMonster */,
				64A462161C5C6BC400189AD8 /* AlarmMonsterTests */,
				64A462211C5C6BC400189AD8 /* AlarmMonsterUITests */,
			);
		};
/* End PBXProject section */

/* Begin PBXResourcesBuildPhase section */
		64A461FC1C5C6BC400189AD8 /* Resources */ = {
			isa = PBXResourcesBuildPhase;
			buildActionMask = 2147483647;
			files = (
				64A462411C5C867D00189AD8 /* めざまし時計アイコン.png in Resources */,
				64A462111C5C6BC400189AD8 /* LaunchScreen.storyboard in Resources */,
				64A462421C5C867D00189AD8 /* 設定アイコン.png in Resources */,
				64A4620E1C5C6BC400189AD8 /* Assets.xcassets in Resources */,
				64A4623E1C5C7CC600189AD8 /* わたあめ1.png in Resources */,
				64A4620C1C5C6BC400189AD8 /* Main.storyboard in Resources */,
			);
			runOnlyForDeploymentPostprocessing = 0;
		};
		64A462151C5C6BC400189AD8 /* Resources */ = {
			isa = PBXResourcesBuildPhase;
			buildActionMask = 2147483647;
			files = (
			);
			runOnlyForDeploymentPostprocessing = 0;
		};
		64A462201C5C6BC400189AD8 /* Resources */ = {
			isa = PBXResourcesBuildPhase;
			buildActionMask = 2147483647;
			files = (
			);
			runOnlyForDeploymentPostprocessing = 0;
		};
/* End PBXResourcesBuildPhase section */

/* Begin PBXSourcesBuildPhase section */
		64A461FA1C5C6BC400189AD8 /* Sources */ = {
			isa = PBXSourcesBuildPhase;
			buildActionMask = 2147483647;
			files = (
				64A4624E1C5C91A900189AD8 /* ConfiguredTableView.m in Sources */,
				64A244C51C5C98B0001C85DF /* ConfiguredViewController.m in Sources */,
				64A462061C5C6BC400189AD8 /* AppDelegate.m in Sources */,
				64A462481C5C8B8B00189AD8 /* MonsterSettingViewController.m in Sources */,
				64A462451C5C89A400189AD8 /* AlarmSettingViewController.m in Sources */,
				64A462031C5C6BC400189AD8 /* main.m in Sources */,
				64A462361C5C6C8000189AD8 /* FoundationViewController.m in Sources */,
				64A4623C1C5C795300189AD8 /* OrgButton.m in Sources */,
				64A462391C5C737700189AD8 /* HomeViewController.m in Sources */,
			);
			runOnlyForDeploymentPostprocessing = 0;
		};
		64A462131C5C6BC400189AD8 /* Sources */ = {
			isa = PBXSourcesBuildPhase;
			buildActionMask = 2147483647;
			files = (
				64A4621C1C5C6BC400189AD8 /* AlarmMonsterTests.m in Sources */,
			);
			runOnlyForDeploymentPostprocessing = 0;
		};
		64A4621E1C5C6BC400189AD8 /* Sources */ = {
			isa = PBXSourcesBuildPhase;
			buildActionMask = 2147483647;
			files = (
				64A462271C5C6BC400189AD8 /* AlarmMonsterUITests.m in Sources */,
			);
			runOnlyForDeploymentPostprocessing = 0;
		};
/* End PBXSourcesBuildPhase section */

/* Begin PBXTargetDependency section */
		64A462191C5C6BC400189AD8 /* PBXTargetDependency */ = {
			isa = PBXTargetDependency;
			target = 64A461FD1C5C6BC400189AD8 /* AlarmMonster */;
			targetProxy = 64A462181C5C6BC400189AD8 /* PBXContainerItemProxy */;
		};
		64A462241C5C6BC400189AD8 /* PBXTargetDependency */ = {
			isa = PBXTargetDependency;
			target = 64A461FD1C5C6BC400189AD8 /* AlarmMonster */;
			targetProxy = 64A462231C5C6BC400189AD8 /* PBXContainerItemProxy */;
		};
/* End PBXTargetDependency section */

/* Begin PBXVariantGroup section */
		64A4620A1C5C6BC400189AD8 /* Main.storyboard */ = {
			isa = PBXVariantGroup;
			children = (
				64A4620B1C5C6BC400189AD8 /* Base */,
			);
			name = Main.storyboard;
			sourceTree = "<group>";
		};
		64A4620F1C5C6BC400189AD8 /* LaunchScreen.storyboard */ = {
			isa = PBXVariantGroup;
			children = (
				64A462101C5C6BC400189AD8 /* Base */,
			);
			name = LaunchScreen.storyboard;
			sourceTree = "<group>";
		};
/* End PBXVariantGroup section */

/* Begin XCBuildConfiguration section */
		64A462291C5C6BC400189AD8 /* Debug */ = {
			isa = XCBuildConfiguration;
			buildSettings = {
				ALWAYS_SEARCH_USER_PATHS = NO;
				CLANG_CXX_LANGUAGE_STANDARD = "gnu++0x";
				CLANG_CXX_LIBRARY = "libc++";
				CLANG_ENABLE_MODULES = YES;
				CLANG_ENABLE_OBJC_ARC = YES;
				CLANG_WARN_BOOL_CONVERSION = YES;
				CLANG_WARN_CONSTANT_CONVERSION = YES;
				CLANG_WARN_DIRECT_OBJC_ISA_USAGE = YES_ERROR;
				CLANG_WARN_EMPTY_BODY = YES;
				CLANG_WARN_ENUM_CONVERSION = YES;
				CLANG_WARN_INT_CONVERSION = YES;
				CLANG_WARN_OBJC_ROOT_CLASS = YES_ERROR;
				CLANG_WARN_UNREACHABLE_CODE = YES;
				CLANG_WARN__DUPLICATE_METHOD_MATCH = YES;
				"CODE_SIGN_IDENTITY[sdk=iphoneos*]" = "iPhone Developer";
				COPY_PHASE_STRIP = NO;
				DEBUG_INFORMATION_FORMAT = dwarf;
				ENABLE_STRICT_OBJC_MSGSEND = YES;
				ENABLE_TESTABILITY = YES;
				GCC_C_LANGUAGE_STANDARD = gnu99;
				GCC_DYNAMIC_NO_PIC = NO;
				GCC_NO_COMMON_BLOCKS = YES;
				GCC_OPTIMIZATION_LEVEL = 0;
				GCC_PREPROCESSOR_DEFINITIONS = (
					"DEBUG=1",
					"$(inherited)",
				);
				GCC_WARN_64_TO_32_BIT_CONVERSION = YES;
				GCC_WARN_ABOUT_RETURN_TYPE = YES_ERROR;
				GCC_WARN_UNDECLARED_SELECTOR = YES;
				GCC_WARN_UNINITIALIZED_AUTOS = YES_AGGRESSIVE;
				GCC_WARN_UNUSED_FUNCTION = YES;
				GCC_WARN_UNUSED_VARIABLE = YES;
				IPHONEOS_DEPLOYMENT_TARGET = 9.1;
				MTL_ENABLE_DEBUG_INFO = YES;
				ONLY_ACTIVE_ARCH = YES;
				SDKROOT = iphoneos;
			};
			name = Debug;
		};
		64A4622A1C5C6BC400189AD8 /* Release */ = {
			isa = XCBuildConfiguration;
			buildSettings = {
				ALWAYS_SEARCH_USER_PATHS = NO;
				CLANG_CXX_LANGUAGE_STANDARD = "gnu++0x";
				CLANG_CXX_LIBRARY = "libc++";
				CLANG_ENABLE_MODULES = YES;
				CLANG_ENABLE_OBJC_ARC = YES;
				CLANG_WARN_BOOL_CONVERSION = YES;
				CLANG_WARN_CONSTANT_CONVERSION = YES;
				CLANG_WARN_DIRECT_OBJC_ISA_USAGE = YES_ERROR;
				CLANG_WARN_EMPTY_BODY = YES;
				CLANG_WARN_ENUM_CONVERSION = YES;
				CLANG_WARN_INT_CONVERSION = YES;
				CLANG_WARN_OBJC_ROOT_CLASS = YES_ERROR;
				CLANG_WARN_UNREACHABLE_CODE = YES;
				CLANG_WARN__DUPLICATE_METHOD_MATCH = YES;
				"CODE_SIGN_IDENTITY[sdk=iphoneos*]" = "iPhone Developer";
				COPY_PHASE_STRIP = NO;
				DEBUG_INFORMATION_FORMAT = "dwarf-with-dsym";
				ENABLE_NS_ASSERTIONS = NO;
				ENABLE_STRICT_OBJC_MSGSEND = YES;
				GCC_C_LANGUAGE_STANDARD = gnu99;
				GCC_NO_COMMON_BLOCKS = YES;
				GCC_WARN_64_TO_32_BIT_CONVERSION = YES;
				GCC_WARN_ABOUT_RETURN_TYPE = YES_ERROR;
				GCC_WARN_UNDECLARED_SELECTOR = YES;
				GCC_WARN_UNINITIALIZED_AUTOS = YES_AGGRESSIVE;
				GCC_WARN_UNUSED_FUNCTION = YES;
				GCC_WARN_UNUSED_VARIABLE = YES;
				IPHONEOS_DEPLOYMENT_TARGET = 9.1;
				MTL_ENABLE_DEBUG_INFO = NO;
				SDKROOT = iphoneos;
				VALIDATE_PRODUCT = YES;
			};
			name = Release;
		};
		64A4622C1C5C6BC400189AD8 /* Debug */ = {
			isa = XCBuildConfiguration;
			buildSettings = {
				ASSETCATALOG_COMPILER_APPICON_NAME = AppIcon;
				CODE_SIGN_IDENTITY = "iPhone Developer";
				INFOPLIST_FILE = AlarmMonster/Info.plist;
				IPHONEOS_DEPLOYMENT_TARGET = 7.0;
				LD_RUNPATH_SEARCH_PATHS = "$(inherited) @executable_path/Frameworks";
				PRODUCT_BUNDLE_IDENTIFIER = com.developers.AlarmMonster;
				PRODUCT_NAME = "$(TARGET_NAME)";
			};
			name = Debug;
		};
		64A4622D1C5C6BC400189AD8 /* Release */ = {
			isa = XCBuildConfiguration;
			buildSettings = {
				ASSETCATALOG_COMPILER_APPICON_NAME = AppIcon;
				CODE_SIGN_IDENTITY = "iPhone Developer";
				INFOPLIST_FILE = AlarmMonster/Info.plist;
				IPHONEOS_DEPLOYMENT_TARGET = 7.0;
				LD_RUNPATH_SEARCH_PATHS = "$(inherited) @executable_path/Frameworks";
				PRODUCT_BUNDLE_IDENTIFIER = com.developers.AlarmMonster;
				PRODUCT_NAME = "$(TARGET_NAME)";
			};
			name = Release;
		};
		64A4622F1C5C6BC400189AD8 /* Debug */ = {
			isa = XCBuildConfiguration;
			buildSettings = {
				BUNDLE_LOADER = "$(TEST_HOST)";
				INFOPLIST_FILE = AlarmMonsterTests/Info.plist;
				LD_RUNPATH_SEARCH_PATHS = "$(inherited) @executable_path/Frameworks @loader_path/Frameworks";
				PRODUCT_BUNDLE_IDENTIFIER = com.developers.AlarmMonsterTests;
				PRODUCT_NAME = "$(TARGET_NAME)";
				TEST_HOST = "$(BUILT_PRODUCTS_DIR)/AlarmMonster.app/AlarmMonster";
			};
			name = Debug;
		};
		64A462301C5C6BC400189AD8 /* Release */ = {
			isa = XCBuildConfiguration;
			buildSettings = {
				BUNDLE_LOADER = "$(TEST_HOST)";
				INFOPLIST_FILE = AlarmMonsterTests/Info.plist;
				LD_RUNPATH_SEARCH_PATHS = "$(inherited) @executable_path/Frameworks @loader_path/Frameworks";
				PRODUCT_BUNDLE_IDENTIFIER = com.developers.AlarmMonsterTests;
				PRODUCT_NAME = "$(TARGET_NAME)";
				TEST_HOST = "$(BUILT_PRODUCTS_DIR)/AlarmMonster.app/AlarmMonster";
			};
			name = Release;
		};
		64A462321C5C6BC400189AD8 /* Debug */ = {
			isa = XCBuildConfiguration;
			buildSettings = {
				INFOPLIST_FILE = AlarmMonsterUITests/Info.plist;
				LD_RUNPATH_SEARCH_PATHS = "$(inherited) @executable_path/Frameworks @loader_path/Frameworks";
				PRODUCT_BUNDLE_IDENTIFIER = com.developers.AlarmMonsterUITests;
				PRODUCT_NAME = "$(TARGET_NAME)";
				TEST_TARGET_NAME = AlarmMonster;
				USES_XCTRUNNER = YES;
			};
			name = Debug;
		};
		64A462331C5C6BC400189AD8 /* Release */ = {
			isa = XCBuildConfiguration;
			buildSettings = {
				INFOPLIST_FILE = AlarmMonsterUITests/Info.plist;
				LD_RUNPATH_SEARCH_PATHS = "$(inherited) @executable_path/Frameworks @loader_path/Frameworks";
				PRODUCT_BUNDLE_IDENTIFIER = com.developers.AlarmMonsterUITests;
				PRODUCT_NAME = "$(TARGET_NAME)";
				TEST_TARGET_NAME = AlarmMonster;
				USES_XCTRUNNER = YES;
			};
			name = Release;
		};
/* End XCBuildConfiguration section */

/* Begin XCConfigurationList section */
		64A461F91C5C6BC400189AD8 /* Build configuration list for PBXProject "AlarmMonster" */ = {
			isa = XCConfigurationList;
			buildConfigurations = (
				64A462291C5C6BC400189AD8 /* Debug */,
				64A4622A1C5C6BC400189AD8 /* Release */,
			);
			defaultConfigurationIsVisible = 0;
			defaultConfigurationName = Release;
		};
		64A4622B1C5C6BC400189AD8 /* Build configuration list for PBXNativeTarget "AlarmMonster" */ = {
			isa = XCConfigurationList;
			buildConfigurations = (
				64A4622C1C5C6BC400189AD8 /* Debug */,
				64A4622D1C5C6BC400189AD8 /* Release */,
			);
			defaultConfigurationIsVisible = 0;
			defaultConfigurationName = Release;
		};
		64A4622E1C5C6BC400189AD8 /* Build configuration list for PBXNativeTarget "AlarmMonsterTests" */ = {
			isa = XCConfigurationList;
			buildConfigurations = (
				64A4622F1C5C6BC400189AD8 /* Debug */,
				64A462301C5C6BC400189AD8 /* Release */,
			);
			defaultConfigurationIsVisible = 0;
			defaultConfigurationName = Release;
		};
		64A462311C5C6BC400189AD8 /* Build configuration list for PBXNativeTarget "AlarmMonsterUITests" */ = {
			isa = XCConfigurationList;
			buildConfigurations = (
				64A462321C5C6BC400189AD8 /* Debug */,
				64A462331C5C6BC400189AD8 /* Release */,
			);
			defaultConfigurationIsVisible = 0;
			defaultConfigurationName = Release;
		};
/* End XCConfigurationList section */
	};
	rootObject = 64A461F61C5C6BC400189AD8 /* Project object */;
}
